
Microsoft Visual Studio Solution File, Format Version 12.00
# Visual Studio 15
VisualStudioVersion = 15.0.27130.2010
MinimumVisualStudioVersion = 10.0.40219.1
Project("{FAE04EC0-301F-11D3-BF4B-00C04F79EFBC}") = "HMS", "HMS\HMS.csproj", "{6AC0B7A3-69DA-4479-B4F6-DC9B2B46C283}"
EndProject
Project("{FAE04EC0-301F-11D3-BF4B-00C04F79EFBC}") = "Web", "Web\Web.csproj", "{87FF6E3B-35B6-443B-941F-DC82922AF790}"
EndProject
Global
	GlobalSection(SolutionConfigurationPlatforms) = preSolution
		Debug|Any CPU = Debug|Any CPU
		Release|Any CPU = Release|Any CPU
	EndGlobalSection
	GlobalSection(ProjectConfigurationPlatforms) = postSolution
		{6AC0B7A3-69DA-4479-B4F6-DC9B2B46C283}.Debug|Any CPU.ActiveCfg = Debug|Any CPU
		{6AC0B7A3-69DA-4479-B4F6-DC9B2B46C283}.Debug|Any CPU.Build.0 = Debug|Any CPU
		{6AC0B7A3-69DA-4479-B4F6-DC9B2B46C283}.Release|Any CPU.ActiveCfg = Release|Any CPU
		{6AC0B7A3-69DA-4479-B4F6-DC9B2B46C283}.Release|Any CPU.Build.0 = Release|Any CPU
		{87FF6E3B-35B6-443B-941F-DC82922AF790}.Debug|Any CPU.ActiveCfg = Debug|Any CPU
		{87FF6E3B-35B6-443B-941F-DC82922AF790}.Debug|Any CPU.Build.0 = Debug|Any CPU
		{87FF6E3B-35B6-443B-941F-DC82922AF790}.Release|Any CPU.ActiveCfg = Release|Any CPU
		{87FF6E3B-35B6-443B-941F-DC82922AF790}.Release|Any CPU.Build.0 = Release|Any CPU
	EndGlobalSection
	GlobalSection(SolutionProperties) = preSolution
		HideSolutionNode = FALSE
	EndGlobalSection
	GlobalSection(ExtensibilityGlobals) = postSolution
		SolutionGuid = {85A712E1-312B-4CCE-B33B-055CE5652C43}
	EndGlobalSection
EndGlobal
